<Solution>
  <Project Path="ADOPM3_10_01a\ADOPM3_10_01a.csproj" />
  <Project Path="ADOPM3_10_01b\ADOPM3_10_01b.csproj" />
  <Project Path="ADOPM3_10_02\ADOPM3_10_02.csproj" />
  <Project Path="ADOPM3_10_02b\ADOPM3_10_02b.csproj" />
  <Project Path="ADOPM3_10_03\ADOPM3_10_03.csproj" />
  <Project Path="ADOPM3_10_04\ADOPM3_10_04.csproj" />
  <Project Path="ADOPM3_10_05\ADOPM3_10_05.csproj" />
</Solution>
